
Microsoft Visual Studio Solution File, Format Version 12.00
# Visual Studio 15
VisualStudioVersion = 15.0.27130.2036
MinimumVisualStudioVersion = 10.0.40219.1
Project("{9A19103F-16F7-4668-BE54-9A1E7A4F7556}") = "SteelSerieseEngine3Test", "SteelSerieseEngine3Test.csproj", "{B991184B-D5C7-4D62-B218-F1BC039975FD}"
EndProject
Global
	GlobalSection(SolutionConfigurationPlatforms) = preSolution
		Debug|Any CPU = Debug|Any CPU
		Release|Any CPU = Release|Any CPU
	EndGlobalSection
	GlobalSection(ProjectConfigurationPlatforms) = postSolution
		{B991184B-D5C7-4D62-B218-F1BC039975FD}.Debug|Any CPU.ActiveCfg = Debug|Any CPU
		{B991184B-D5C7-4D62-B218-F1BC039975FD}.Debug|Any CPU.Build.0 = Debug|Any CPU
		{B991184B-D5C7-4D62-B218-F1BC039975FD}.Release|Any CPU.ActiveCfg = Release|Any CPU
		{B991184B-D5C7-4D62-B218-F1BC039975FD}.Release|Any CPU.Build.0 = Release|Any CPU
	EndGlobalSection
	GlobalSection(SolutionProperties) = preSolution
		HideSolutionNode = FALSE
	EndGlobalSection
	GlobalSection(ExtensibilityGlobals) = postSolution
		SolutionGuid = {34A6CDFF-B280-4966-A669-CC544203491C}
	EndGlobalSection
EndGlobal
